<?xml version="1.0" encoding="utf-8"?>
<Project ToolsVersion="4.0" xmlns="http://schemas.microsoft.com/developer/msbuild/2003">
  <ItemGroup>
    <Filter Include="Source Files">
      <UniqueIdentifier>{4FC737F1-C7A5-4376-A066-2A32D752A2FF}</UniqueIdentifier>
      <Extensions>cpp;c;cc;cxx;def;odl;idl;hpj;bat;asm;asmx</Extensions>
    </Filter>
    <Filter Include="Header Files">
      <UniqueIdentifier>{93995380-89BD-4b04-88EB-625FBE52EBFB}</UniqueIdentifier>
      <Extensions>h;hpp;hxx;hm;inl;inc;xsd</Extensions>
    </Filter>
    <Filter Include="Resource Files">
      <UniqueIdentifier>{67DA6AB6-F800-4c08-8B7A-83BB121AAD01}</UniqueIdentifier>
      <Extensions>rc;ico;cur;bmp;dlg;rc2;rct;bin;rgs;gif;jpg;jpeg;jpe;resx;tiff;tif;png;wav;mfcribbon-ms</Extensions>
    </Filter>
  </ItemGroup>
  <ItemGroup>
    <ClCompile Include="backend_dxf.c">
      <Filter>Source Files</Filter>
    </ClCompile>
    <ClCompile Include="backend_eps.c">
      <Filter>Source Files</Filter>
    </ClCompile>
    <ClCompile Include="backend_geojson.c">
      <Filter>Source Files</Filter>
    </ClCompile>
    <ClCompile Include="backend_pdf.c">
      <Filter>Source Files</Filter>
    </ClCompile>
    <ClCompile Include="backend_pgm.c">
      <Filter>Source Files</Filter>
    </ClCompile>
    <ClCompile Include="backend_svg.c">
      <Filter>Source Files</Filter>
    </ClCompile>
    <ClCompile Include="backend_xfig.c">
      <Filter>Source Files</Filter>
    </ClCompile>
    <ClCompile Include="bbox.c">
      <Filter>Source Files</Filter>
    </ClCompile>
    <ClCompile Include="bitmap_io.c">
      <Filter>Source Files</Filter>
    </ClCompile>
    <ClCompile Include="curve.c">
      <Filter>Source Files</Filter>
    </ClCompile>
    <ClCompile Include="decompose.c">
      <Filter>Source Files</Filter>
    </ClCompile>
    <ClCompile Include="flate.c">
      <Filter>Source Files</Filter>
    </ClCompile>
    <ClCompile Include="getopt.c">
      <Filter>Source Files</Filter>
    </ClCompile>
    <ClCompile Include="getopt1.c">
      <Filter>Source Files</Filter>
    </ClCompile>
    <ClCompile Include="greymap.c">
      <Filter>Source Files</Filter>
    </ClCompile>
    <ClCompile Include="lzw.c">
      <Filter>Source Files</Filter>
    </ClCompile>
    <ClCompile Include="main.c">
      <Filter>Source Files</Filter>
    </ClCompile>
    <ClCompile Include="potracelib.c">
      <Filter>Source Files</Filter>
    </ClCompile>
    <ClCompile Include="progress_bar.c">
      <Filter>Source Files</Filter>
    </ClCompile>
    <ClCompile Include="render.c">
      <Filter>Source Files</Filter>
    </ClCompile>
    <ClCompile Include="trace.c">
      <Filter>Source Files</Filter>
    </ClCompile>
    <ClCompile Include="trans.c">
      <Filter>Source Files</Filter>
    </ClCompile>
    <ClCompile Include="bitmap.c">
      <Filter>Source Files</Filter>
    </ClCompile>
    <ClCompile Include="bitops.c">
      <Filter>Source Files</Filter>
    </ClCompile>
    <ClCompile Include="progress.c">
      <Filter>Source Files</Filter>
    </ClCompile>
    <ClCompile Include="auxiliary.c">
      <Filter>Source Files</Filter>
    </ClCompile>
  </ItemGroup>
  <ItemGroup>
    <ClInclude Include="backend_dxf.h">
      <Filter>Header Files</Filter>
    </ClInclude>
    <ClInclude Include="backend_eps.h">
      <Filter>Header Files</Filter>
    </ClInclude>
    <ClInclude Include="backend_geojson.h">
      <Filter>Header Files</Filter>
    </ClInclude>
    <ClInclude Include="backend_pdf.h">
      <Filter>Header Files</Filter>
    </ClInclude>
    <ClInclude Include="backend_pgm.h">
      <Filter>Header Files</Filter>
    </ClInclude>
    <ClInclude Include="backend_svg.h">
      <Filter>Header Files</Filter>
    </ClInclude>
    <ClInclude Include="backend_xfig.h">
      <Filter>Header Files</Filter>
    </ClInclude>
    <ClInclude Include="bbox.h">
      <Filter>Header Files</Filter>
    </ClInclude>
    <ClInclude Include="bitmap.h">
      <Filter>Header Files</Filter>
    </ClInclude>
    <ClInclude Include="bitmap_io.h">
      <Filter>Header Files</Filter>
    </ClInclude>
    <ClInclude Include="bitops.h">
      <Filter>Header Files</Filter>
    </ClInclude>
    <ClInclude Include="curve.h">
      <Filter>Header Files</Filter>
    </ClInclude>
    <ClInclude Include="decompose.h">
      <Filter>Header Files</Filter>
    </ClInclude>
    <ClInclude Include="flate.h">
      <Filter>Header Files</Filter>
    </ClInclude>
    <ClInclude Include="getopt.h">
      <Filter>Header Files</Filter>
    </ClInclude>
    <ClInclude Include="greymap.h">
      <Filter>Header Files</Filter>
    </ClInclude>
    <ClInclude Include="lists.h">
      <Filter>Header Files</Filter>
    </ClInclude>
    <ClInclude Include="lzw.h">
      <Filter>Header Files</Filter>
    </ClInclude>
    <ClInclude Include="main.h">
      <Filter>Header Files</Filter>
    </ClInclude>
    <ClInclude Include="platform.h">
      <Filter>Header Files</Filter>
    </ClInclude>
    <ClInclude Include="potracelib.h">
      <Filter>Header Files</Filter>
    </ClInclude>
    <ClInclude Include="progress.h">
      <Filter>Header Files</Filter>
    </ClInclude>
    <ClInclude Include="progress_bar.h">
      <Filter>Header Files</Filter>
    </ClInclude>
    <ClInclude Include="render.h">
      <Filter>Header Files</Filter>
    </ClInclude>
    <ClInclude Include="trace.h">
      <Filter>Header Files</Filter>
    </ClInclude>
    <ClInclude Include="trans.h">
      <Filter>Header Files</Filter>
    </ClInclude>
    <ClInclude Include="auxiliary.h">
      <Filter>Header Files</Filter>
    </ClInclude>
  </ItemGroup>
</Project>